{
  "name": "cfn-custom-resource",
  "version": "1.0.0",
  "lockfileVersion": 1,
  "requires": true,
  "dependencies": {
    "cfn-response-promise": {
      "version": "1.0.1",
      "resolved": "https://registry.npmjs.org/cfn-response-promise/-/cfn-response-promise-1.0.1.tgz",
      "integrity": "sha512-V3qdbe8hs/A8IpVZ3STDkqls/lUC957zws9Kw0Lka/ZFONiWFZCZAHmrQUoz9/rcEKM9iVhjFgZsSyiNHb58zg=="
    }
  }
}
